<?xml version="1.0" encoding="utf-8"?>
<Project ToolsVersion="4.0" xmlns="http://schemas.microsoft.com/developer/msbuild/2003">
  <ItemGroup>
    <Filter Include="源文件">
      <UniqueIdentifier>{4FC737F1-C7A5-4376-A066-2A32D752A2FF}</UniqueIdentifier>
      <Extensions>cpp;c;cc;cxx;def;odl;idl;hpj;bat;asm;asmx</Extensions>
    </Filter>
    <Filter Include="头文件">
      <UniqueIdentifier>{93995380-89BD-4b04-88EB-625FBE52EBFB}</UniqueIdentifier>
      <Extensions>h;hh;hpp;hxx;hm;inl;inc;xsd</Extensions>
    </Filter>
    <Filter Include="资源文件">
      <UniqueIdentifier>{67DA6AB6-F800-4c08-8B7A-83BB121AAD01}</UniqueIdentifier>
      <Extensions>rc;ico;cur;bmp;dlg;rc2;rct;bin;rgs;gif;jpg;jpeg;jpe;resx;tiff;tif;png;wav;mfcribbon-ms</Extensions>
    </Filter>
  </ItemGroup>
  <ItemGroup>
    <Text Include="ReadMe.txt" />
  </ItemGroup>
  <ItemGroup>
    <ClInclude Include="DesktopToys.h">
      <Filter>头文件</Filter>
    </ClInclude>
    <ClInclude Include="DesktopToysDlg.h">
      <Filter>头文件</Filter>
    </ClInclude>
    <ClInclude Include="stdafx.h">
      <Filter>头文件</Filter>
    </ClInclude>
    <ClInclude Include="targetver.h">
      <Filter>头文件</Filter>
    </ClInclude>
    <ClInclude Include="Resource.h">
      <Filter>头文件</Filter>
    </ClInclude>
    <ClInclude Include="ScopeGuard.h">
      <Filter>头文件</Filter>
    </ClInclude>
    <ClInclude Include="GameTimer.h">
      <Filter>头文件</Filter>
    </ClInclude>
    <ClInclude Include="ScreenTools.h">
      <Filter>头文件</Filter>
    </ClInclude>
    <ClInclude Include="Game.h">
      <Filter>头文件</Filter>
    </ClInclude>
    <ClInclude Include="IDrawable.h">
      <Filter>头文件</Filter>
    </ClInclude>
    <ClInclude Include="IMark.h">
      <Filter>头文件</Filter>
    </ClInclude>
    <ClInclude Include="IMouseAction.h">
      <Filter>头文件</Filter>
    </ClInclude>
    <ClInclude Include="Shooter.h">
      <Filter>头文件</Filter>
    </ClInclude>
    <ClInclude Include="DMenu.h">
      <Filter>头文件</Filter>
    </ClInclude>
    <ClInclude Include="MenuItem.h">
      <Filter>头文件</Filter>
    </ClInclude>
    <ClInclude Include="Shooter0Mark.h">
      <Filter>头文件</Filter>
    </ClInclude>
    <ClInclude Include="Shooter0.h">
      <Filter>头文件</Filter>
    </ClInclude>
    <ClInclude Include="Shooter1Mark.h">
      <Filter>头文件</Filter>
    </ClInclude>
    <ClInclude Include="Shooter1.h">
      <Filter>头文件</Filter>
    </ClInclude>
    <ClInclude Include="Shooter2Mark.h">
      <Filter>头文件</Filter>
    </ClInclude>
    <ClInclude Include="Shooter2.h">
      <Filter>头文件</Filter>
    </ClInclude>
  </ItemGroup>
  <ItemGroup>
    <ClCompile Include="DesktopToys.cpp">
      <Filter>源文件</Filter>
    </ClCompile>
    <ClCompile Include="DesktopToysDlg.cpp">
      <Filter>源文件</Filter>
    </ClCompile>
    <ClCompile Include="stdafx.cpp">
      <Filter>源文件</Filter>
    </ClCompile>
    <ClCompile Include="Game.cpp">
      <Filter>源文件</Filter>
    </ClCompile>
    <ClCompile Include="IDrawable.cpp">
      <Filter>源文件</Filter>
    </ClCompile>
    <ClCompile Include="IMark.cpp">
      <Filter>源文件</Filter>
    </ClCompile>
    <ClCompile Include="IMouseAction.cpp">
      <Filter>源文件</Filter>
    </ClCompile>
    <ClCompile Include="Shooter.cpp">
      <Filter>源文件</Filter>
    </ClCompile>
    <ClCompile Include="DMenu.cpp">
      <Filter>源文件</Filter>
    </ClCompile>
    <ClCompile Include="MenuItem.cpp">
      <Filter>源文件</Filter>
    </ClCompile>
    <ClCompile Include="Shooter0Mark.cpp">
      <Filter>源文件</Filter>
    </ClCompile>
    <ClCompile Include="Shooter0.cpp">
      <Filter>源文件</Filter>
    </ClCompile>
    <ClCompile Include="Shooter1Mark.cpp">
      <Filter>源文件</Filter>
    </ClCompile>
    <ClCompile Include="Shooter1.cpp">
      <Filter>源文件</Filter>
    </ClCompile>
    <ClCompile Include="Shooter2Mark.cpp">
      <Filter>源文件</Filter>
    </ClCompile>
    <ClCompile Include="Shooter2.cpp">
      <Filter>源文件</Filter>
    </ClCompile>
  </ItemGroup>
  <ItemGroup>
    <ResourceCompile Include="DesktopToys.rc">
      <Filter>资源文件</Filter>
    </ResourceCompile>
  </ItemGroup>
  <ItemGroup>
    <None Include="res\DesktopToys.rc2">
      <Filter>资源文件</Filter>
    </None>
  </ItemGroup>
  <ItemGroup>
    <Image Include="res\DesktopToys.ico">
      <Filter>资源文件</Filter>
    </Image>
  </ItemGroup>
</Project>