
Microsoft Visual Studio Solution File, Format Version 12.00
# Visual Studio 14
VisualStudioVersion = 14.0.25123.0
MinimumVisualStudioVersion = 10.0.40219.1
Project("{8BC9CEB8-8B4A-11D0-8D11-00A0C91BC942}") = "ECSSrv", "ECSSrv\ECSSrv.vcxproj", "{CC29D1E5-51A8-46A9-9A33-5A3CBDEC460D}"
EndProject
Project("{8BC9CEB8-8B4A-11D0-8D11-00A0C91BC942}") = "ECSClient", "ECSClient\ECSClient.vcxproj", "{0C07C795-C263-4DB4-B1B2-0280220B4A0E}"
EndProject
Global
	GlobalSection(SolutionConfigurationPlatforms) = preSolution
		Debug|x86 = Debug|x86
		Release|x86 = Release|x86
		Template|x86 = Template|x86
	EndGlobalSection
	GlobalSection(ProjectConfigurationPlatforms) = postSolution
		{CC29D1E5-51A8-46A9-9A33-5A3CBDEC460D}.Debug|x86.ActiveCfg = Debug|Win32
		{CC29D1E5-51A8-46A9-9A33-5A3CBDEC460D}.Debug|x86.Build.0 = Debug|Win32
		{CC29D1E5-51A8-46A9-9A33-5A3CBDEC460D}.Release|x86.ActiveCfg = Release|Win32
		{CC29D1E5-51A8-46A9-9A33-5A3CBDEC460D}.Release|x86.Build.0 = Release|Win32
		{CC29D1E5-51A8-46A9-9A33-5A3CBDEC460D}.Template|x86.ActiveCfg = Release|Win32
		{CC29D1E5-51A8-46A9-9A33-5A3CBDEC460D}.Template|x86.Build.0 = Release|Win32
		{0C07C795-C263-4DB4-B1B2-0280220B4A0E}.Debug|x86.ActiveCfg = Debug|Win32
		{0C07C795-C263-4DB4-B1B2-0280220B4A0E}.Debug|x86.Build.0 = Debug|Win32
		{0C07C795-C263-4DB4-B1B2-0280220B4A0E}.Release|x86.ActiveCfg = Release|Win32
		{0C07C795-C263-4DB4-B1B2-0280220B4A0E}.Release|x86.Build.0 = Release|Win32
		{0C07C795-C263-4DB4-B1B2-0280220B4A0E}.Template|x86.ActiveCfg = Template|Win32
		{0C07C795-C263-4DB4-B1B2-0280220B4A0E}.Template|x86.Build.0 = Template|Win32
	EndGlobalSection
	GlobalSection(SolutionProperties) = preSolution
		HideSolutionNode = FALSE
	EndGlobalSection
EndGlobal
