<?xml version="1.0" encoding="utf-8"?>
<Project ToolsVersion="4.0" xmlns="http://schemas.microsoft.com/developer/msbuild/2003">
  <ItemGroup>
    <Filter Include="Source Files">
      <UniqueIdentifier>{3bcd3a11-2ef1-4409-8fd0-e439aef6ece7}</UniqueIdentifier>
      <Extensions>cpp;c;cxx;rc;def;r;odl;idl;hpj;bat</Extensions>
    </Filter>
    <Filter Include="Header Files">
      <UniqueIdentifier>{78f49a0b-875a-481a-a962-d9d3b3b27007}</UniqueIdentifier>
      <Extensions>h;hpp;hxx;hm;inl</Extensions>
    </Filter>
    <Filter Include="Resource Files">
      <UniqueIdentifier>{aaa77f49-e32e-4232-9efc-41b791e22a64}</UniqueIdentifier>
      <Extensions>ico;cur;bmp;dlg;rc2;rct;bin;rgs;gif;jpg;jpeg;jpe</Extensions>
    </Filter>
  </ItemGroup>
  <ItemGroup>
    <ClCompile Include="BmpTree.cpp">
      <Filter>Source Files</Filter>
    </ClCompile>
    <ClCompile Include="ClientSock.cpp">
      <Filter>Source Files</Filter>
    </ClCompile>
    <ClCompile Include="ECSClient.cpp">
      <Filter>Source Files</Filter>
    </ClCompile>
    <ClCompile Include="ECSClientDlg.cpp">
      <Filter>Source Files</Filter>
    </ClCompile>
    <ClCompile Include="Login.cpp">
      <Filter>Source Files</Filter>
    </ClCompile>
    <ClCompile Include="Message.cpp">
      <Filter>Source Files</Filter>
    </ClCompile>
    <ClCompile Include="RvFileSock.cpp">
      <Filter>Source Files</Filter>
    </ClCompile>
    <ClCompile Include="ScrollParent.cpp">
      <Filter>Source Files</Filter>
    </ClCompile>
    <ClCompile Include="SendDlg.cpp">
      <Filter>Source Files</Filter>
    </ClCompile>
    <ClCompile Include="SkinScroll.cpp">
      <Filter>Source Files</Filter>
    </ClCompile>
    <ClCompile Include="StdAfx.cpp">
      <Filter>Source Files</Filter>
    </ClCompile>
  </ItemGroup>
  <ItemGroup>
    <ClInclude Include="BmpTree.h">
      <Filter>Header Files</Filter>
    </ClInclude>
    <ClInclude Include="ClientSock.h">
      <Filter>Header Files</Filter>
    </ClInclude>
    <ClInclude Include="ECSClient.h">
      <Filter>Header Files</Filter>
    </ClInclude>
    <ClInclude Include="ECSClientDlg.h">
      <Filter>Header Files</Filter>
    </ClInclude>
    <ClInclude Include="Login.h">
      <Filter>Header Files</Filter>
    </ClInclude>
    <ClInclude Include="Message.h">
      <Filter>Header Files</Filter>
    </ClInclude>
    <ClInclude Include="Resource.h">
      <Filter>Header Files</Filter>
    </ClInclude>
    <ClInclude Include="RvFileSock.h">
      <Filter>Header Files</Filter>
    </ClInclude>
    <ClInclude Include="ScrollParent.h">
      <Filter>Header Files</Filter>
    </ClInclude>
    <ClInclude Include="SendDlg.h">
      <Filter>Header Files</Filter>
    </ClInclude>
    <ClInclude Include="SkinScroll.h">
      <Filter>Header Files</Filter>
    </ClInclude>
    <ClInclude Include="StdAfx.h">
      <Filter>Header Files</Filter>
    </ClInclude>
  </ItemGroup>
  <ItemGroup>
    <Image Include="res\017.bmp">
      <Filter>Resource Files</Filter>
    </Image>
    <Image Include="res\background2.bmp">
      <Filter>Resource Files</Filter>
    </Image>
    <Image Include="res\Bchanelbk.bmp">
      <Filter>Resource Files</Filter>
    </Image>
    <Image Include="res\bitmap1.bmp">
      <Filter>Resource Files</Filter>
    </Image>
    <Image Include="res\Bleftarrow.bmp">
      <Filter>Resource Files</Filter>
    </Image>
    <Image Include="res\bmp00001.bmp">
      <Filter>Resource Files</Filter>
    </Image>
    <Image Include="res\Brightarrow.bmp">
      <Filter>Resource Files</Filter>
    </Image>
    <Image Include="res\Bthumb.bmp">
      <Filter>Resource Files</Filter>
    </Image>
    <Image Include="res\DOWNARROW.bmp">
      <Filter>Resource Files</Filter>
    </Image>
    <Image Include="res\ECSClient.ico">
      <Filter>Resource Files</Filter>
    </Image>
    <Image Include="res\Main.ico">
      <Filter>Resource Files</Filter>
    </Image>
    <Image Include="res\Person.bmp">
      <Filter>Resource Files</Filter>
    </Image>
    <Image Include="res\Query.bmp">
      <Filter>Resource Files</Filter>
    </Image>
    <Image Include="res\vchanelbk.bmp">
      <Filter>Resource Files</Filter>
    </Image>
    <Image Include="res\Vthumb.bmp">
      <Filter>Resource Files</Filter>
    </Image>
    <Image Include="res\新建 BMP 图像.bmp">
      <Filter>Resource Files</Filter>
    </Image>
  </ItemGroup>
  <ItemGroup>
    <Text Include="ReadMe.txt" />
  </ItemGroup>
  <ItemGroup>
    <CustomBuild Include="res\ECSClient.rc2">
      <Filter>Resource Files</Filter>
    </CustomBuild>
  </ItemGroup>
  <ItemGroup>
    <ResourceCompile Include="ECSClient.rc">
      <Filter>Resource Files</Filter>
    </ResourceCompile>
  </ItemGroup>
</Project>