<?xml version="1.0" encoding="utf-8"?>
<Project ToolsVersion="4.0" xmlns="http://schemas.microsoft.com/developer/msbuild/2003">
  <ItemGroup>
    <Filter Include="Source Files">
      <UniqueIdentifier>{27d3d5fc-bd29-4823-af07-f147f1a6cdc3}</UniqueIdentifier>
      <Extensions>cpp;c;cxx;rc;def;r;odl;idl;hpj;bat</Extensions>
    </Filter>
    <Filter Include="Header Files">
      <UniqueIdentifier>{3f2b66c4-11a8-498d-871d-f9d7e0eaa971}</UniqueIdentifier>
      <Extensions>h;hpp;hxx;hm;inl</Extensions>
    </Filter>
    <Filter Include="Resource Files">
      <UniqueIdentifier>{8d434eb7-e150-48db-81bb-14533484b51a}</UniqueIdentifier>
      <Extensions>ico;cur;bmp;dlg;rc2;rct;bin;rgs;gif;jpg;jpeg;jpe</Extensions>
    </Filter>
  </ItemGroup>
  <ItemGroup>
    <ClCompile Include="AccountDlg.cpp">
      <Filter>Source Files</Filter>
    </ClCompile>
    <ClCompile Include="ClientFileSock.cpp">
      <Filter>Source Files</Filter>
    </ClCompile>
    <ClCompile Include="ClientInfo.cpp">
      <Filter>Source Files</Filter>
    </ClCompile>
    <ClCompile Include="ClientSock.cpp">
      <Filter>Source Files</Filter>
    </ClCompile>
    <ClCompile Include="DataManage.cpp">
      <Filter>Source Files</Filter>
    </ClCompile>
    <ClCompile Include="DepartmentMng.cpp">
      <Filter>Source Files</Filter>
    </ClCompile>
    <ClCompile Include="ECSSrv.cpp">
      <Filter>Source Files</Filter>
    </ClCompile>
    <ClCompile Include="ECSSrvDlg.cpp">
      <Filter>Source Files</Filter>
    </ClCompile>
    <ClCompile Include="Message.cpp">
      <Filter>Source Files</Filter>
    </ClCompile>
    <ClCompile Include="ServerSock.cpp">
      <Filter>Source Files</Filter>
    </ClCompile>
    <ClCompile Include="SrvFileSock.cpp">
      <Filter>Source Files</Filter>
    </ClCompile>
    <ClCompile Include="StdAfx.cpp">
      <Filter>Source Files</Filter>
    </ClCompile>
  </ItemGroup>
  <ItemGroup>
    <ClInclude Include="AccountDlg.h">
      <Filter>Header Files</Filter>
    </ClInclude>
    <ClInclude Include="ClientFileSock.h">
      <Filter>Header Files</Filter>
    </ClInclude>
    <ClInclude Include="ClientInfo.h">
      <Filter>Header Files</Filter>
    </ClInclude>
    <ClInclude Include="ClientSock.h">
      <Filter>Header Files</Filter>
    </ClInclude>
    <ClInclude Include="DataManage.h">
      <Filter>Header Files</Filter>
    </ClInclude>
    <ClInclude Include="DepartmentMng.h">
      <Filter>Header Files</Filter>
    </ClInclude>
    <ClInclude Include="ECSSrv.h">
      <Filter>Header Files</Filter>
    </ClInclude>
    <ClInclude Include="ECSSrvDlg.h">
      <Filter>Header Files</Filter>
    </ClInclude>
    <ClInclude Include="Message.h">
      <Filter>Header Files</Filter>
    </ClInclude>
    <ClInclude Include="Resource.h">
      <Filter>Header Files</Filter>
    </ClInclude>
    <ClInclude Include="ServerSock.h">
      <Filter>Header Files</Filter>
    </ClInclude>
    <ClInclude Include="SrvFileSock.h">
      <Filter>Header Files</Filter>
    </ClInclude>
    <ClInclude Include="StdAfx.h">
      <Filter>Header Files</Filter>
    </ClInclude>
  </ItemGroup>
  <ItemGroup>
    <Image Include="res\bitmap1.bmp">
      <Filter>Resource Files</Filter>
    </Image>
    <Image Include="res\bmp00001.bmp">
      <Filter>Resource Files</Filter>
    </Image>
    <Image Include="res\ECSSrv.ico">
      <Filter>Resource Files</Filter>
    </Image>
    <Image Include="res\flash广告2.bmp">
      <Filter>Resource Files</Filter>
    </Image>
    <Image Include="res\main.ico">
      <Filter>Resource Files</Filter>
    </Image>
    <Image Include="res\Query.bmp">
      <Filter>Resource Files</Filter>
    </Image>
  </ItemGroup>
  <ItemGroup>
    <Text Include="ReadMe.txt" />
  </ItemGroup>
  <ItemGroup>
    <CustomBuild Include="res\ECSSrv.rc2">
      <Filter>Resource Files</Filter>
    </CustomBuild>
  </ItemGroup>
  <ItemGroup>
    <ResourceCompile Include="ECSSrv.rc">
      <Filter>Resource Files</Filter>
    </ResourceCompile>
  </ItemGroup>
</Project>